{
  "originHash" : "a7d8c65e2fd86cffbcb641147283c4520fb198ba8311739d1d27b74ef46eee96",
  "pins" : [
    {
      "identity" : "codeeditorview",
      "kind" : "remoteSourceControl",
      "location" : "https://github.com/mchakravarty/CodeEditorView",
      "state" : {
        "revision" : "aba6c189bb2f6fd9d7b8e9f5739aeb3c8c7e3254",
        "version" : "0.15.4"
      }
    },
    {
      "identity" : "rearrange",
      "kind" : "remoteSourceControl",
      "location" : "https://github.com/ChimeHQ/Rearrange.git",
      "state" : {
        "revision" : "5ff7f3363f7a08f77e0d761e38e6add31c2136e1",
        "version" : "1.8.1"
      }
    },
    {
      "identity" : "stikimporter",
      "kind" : "remoteSourceControl",
      "location" : "https://github.com/StephenDev0/StikImporter",
      "state" : {
        "revision" : "7ee0b7a9319fd41805d5ea32cfed19f0edbd2e62",
        "version" : "1.1.1"
      }
    },
    {
      "identity" : "swiftui-pipify",
      "kind" : "remoteSourceControl",
      "location" : "https://github.com/hugeBlack/swiftui-pipify",
      "state" : {
        "branch" : "main",
        "revision" : "a1ec2fd1781c8289bff1a8b3f664dcf21c910efb"
      }
    },
    {
      "identity" : "zipfoundation",
      "kind" : "remoteSourceControl",
      "location" : "https://github.com/weichsel/ZIPFoundation",
      "state" : {
        "revision" : "02b6abe5f6eef7e3cbd5f247c5cc24e246efcfe0",
        "version" : "0.9.19"
      }
    },
    {
      "identity" : "zsign-ios",
      "kind" : "remoteSourceControl",
      "location" : "https://github.com/StephenDev0/zsign-ios",
      "state" : {
        "branch" : "main",
        "revision" : "a7f275fb4830ea48adf536fcddee7d05471970d0"
      }
    }
  ],
  "version" : 3
}
