{
  "originHash" : "4df9bfc6bef31f016f92a5a4a2b67290e6fd98a0453ec6e1981c9a8fb5222170",
  "pins" : [
    {
      "identity" : "codeeditorview",
      "kind" : "remoteSourceControl",
      "location" : "https://github.com/mchakravarty/CodeEditorView",
      "state" : {
        "revision" : "aba6c189bb2f6fd9d7b8e9f5739aeb3c8c7e3254",
        "version" : "0.15.4"
      }
    },
    {
      "identity" : "rearrange",
      "kind" : "remoteSourceControl",
      "location" : "https://github.com/ChimeHQ/Rearrange.git",
      "state" : {
        "revision" : "5ff7f3363f7a08f77e0d761e38e6add31c2136e1",
        "version" : "1.8.1"
      }
    },
    {
      "identity" : "swiftui-pipify",
      "kind" : "remoteSourceControl",
      "location" : "https://github.com/hugeBlack/swiftui-pipify",
      "state" : {
        "branch" : "main",
        "revision" : "a1ec2fd1781c8289bff1a8b3f664dcf21c910efb"
      }
    }
  ],
  "version" : 3
}
